// !$*UTF8*$!
{
	archiveVersion = 1;
	classes = {
	};
	objectVersion = 46;
	objects = {

/* Begin PBXBuildFile section */
		C08DC0051E21EFCE00A01CB7 /* MusicTableViewController.swift in Sources */ = {isa = PBXBuildFile; fileRef = C08DC0041E21EFCE00A01CB7 /* MusicTableViewController.swift */; };
		C098A01A1E218B3600768C28 /* MusicDataLoader.swift in Sources */ = {isa = PBXBuildFile; fileRef = C098A0191E218B3600768C28 /* MusicDataLoader.swift */; };
		C098A01C1E218B4900768C28 /* MusicDataManager.swift in Sources */ = {isa = PBXBuildFile; fileRef = C098A01B1E218B4900768C28 /* MusicDataManager.swift */; };
		C098A01E1E21986800768C28 /* MusicDataProcessor.swift in Sources */ = {isa = PBXBuildFile; fileRef = C098A01D1E21986800768C28 /* MusicDataProcessor.swift */; };
		C0C2568D1E2262FF00C33305 /* LyricsViewController.swift in Sources */ = {isa = PBXBuildFile; fileRef = C0C2568C1E2262FF00C33305 /* LyricsViewController.swift */; };
		C0C256901E22643100C33305 /* TrackView.swift in Sources */ = {isa = PBXBuildFile; fileRef = C0C2568F1E22643100C33305 /* TrackView.swift */; };
		C0C256921E22832D00C33305 /* LyricsProcessor.swift in Sources */ = {isa = PBXBuildFile; fileRef = C0C256911E22832D00C33305 /* LyricsProcessor.swift */; };
		C0EB820E1E21586D0095515C /* AppDelegate.swift in Sources */ = {isa = PBXBuildFile; fileRef = C0EB820D1E21586D0095515C /* AppDelegate.swift */; };
		C0EB82101E21586D0095515C /* ViewController.swift in Sources */ = {isa = PBXBuildFile; fileRef = C0EB820F1E21586D0095515C /* ViewController.swift */; };
		C0EB82131E21586D0095515C /* Main.storyboard in Resources */ = {isa = PBXBuildFile; fileRef = C0EB82111E21586D0095515C /* Main.storyboard */; };
		C0EB82151E21586D0095515C /* Assets.xcassets in Resources */ = {isa = PBXBuildFile; fileRef = C0EB82141E21586D0095515C /* Assets.xcassets */; };
		C0EB82181E21586D0095515C /* LaunchScreen.storyboard in Resources */ = {isa = PBXBuildFile; fileRef = C0EB82161E21586D0095515C /* LaunchScreen.storyboard */; };
		C0EB82231E21586D0095515C /* MusicSearchTests.swift in Sources */ = {isa = PBXBuildFile; fileRef = C0EB82221E21586D0095515C /* MusicSearchTests.swift */; };
		C0EB822E1E21586D0095515C /* MusicSearchUITests.swift in Sources */ = {isa = PBXBuildFile; fileRef = C0EB822D1E21586D0095515C /* MusicSearchUITests.swift */; };
		C0EB823D1E215CEC0095515C /* Track.swift in Sources */ = {isa = PBXBuildFile; fileRef = C0EB823C1E215CEC0095515C /* Track.swift */; };
		C0EB823F1E215EE30095515C /* Song.swift in Sources */ = {isa = PBXBuildFile; fileRef = C0EB823E1E215EE30095515C /* Song.swift */; };
/* End PBXBuildFile section */

/* Begin PBXContainerItemProxy section */
		C0EB821F1E21586D0095515C /* PBXContainerItemProxy */ = {
			isa = PBXContainerItemProxy;
			containerPortal = C0EB82021E21586D0095515C /* Project object */;
			proxyType = 1;
			remoteGlobalIDString = C0EB82091E21586D0095515C;
			remoteInfo = MusicSearch;
		};
		C0EB822A1E21586D0095515C /* PBXContainerItemProxy */ = {
			isa = PBXContainerItemProxy;
			containerPortal = C0EB82021E21586D0095515C /* Project object */;
			proxyType = 1;
			remoteGlobalIDString = C0EB82091E21586D0095515C;
			remoteInfo = MusicSearch;
		};
/* End PBXContainerItemProxy section */

/* Begin PBXFileReference section */
		C08DC0041E21EFCE00A01CB7 /* MusicTableViewController.swift */ = {isa = PBXFileReference; fileEncoding = 4; lastKnownFileType = sourcecode.swift; path = MusicTableViewController.swift; sourceTree = "<group>"; };
		C098A0191E218B3600768C28 /* MusicDataLoader.swift */ = {isa = PBXFileReference; fileEncoding = 4; lastKnownFileType = sourcecode.swift; path = MusicDataLoader.swift; sourceTree = "<group>"; };
		C098A01B1E218B4900768C28 /* MusicDataManager.swift */ = {isa = PBXFileReference; fileEncoding = 4; lastKnownFileType = sourcecode.swift; path = MusicDataManager.swift; sourceTree = "<group>"; };
		C098A01D1E21986800768C28 /* MusicDataProcessor.swift */ = {isa = PBXFileReference; fileEncoding = 4; lastKnownFileType = sourcecode.swift; path = MusicDataProcessor.swift; sourceTree = "<group>"; };
		C0C2568C1E2262FF00C33305 /* LyricsViewController.swift */ = {isa = PBXFileReference; fileEncoding = 4; lastKnownFileType = sourcecode.swift; path = LyricsViewController.swift; sourceTree = "<group>"; };
		C0C2568F1E22643100C33305 /* TrackView.swift */ = {isa = PBXFileReference; fileEncoding = 4; lastKnownFileType = sourcecode.swift; path = TrackView.swift; sourceTree = "<group>"; };
		C0C256911E22832D00C33305 /* LyricsProcessor.swift */ = {isa = PBXFileReference; fileEncoding = 4; lastKnownFileType = sourcecode.swift; path = LyricsProcessor.swift; sourceTree = "<group>"; };
		C0EB820A1E21586D0095515C /* MusicSearch.app */ = {isa = PBXFileReference; explicitFileType = wrapper.application; includeInIndex = 0; path = MusicSearch.app; sourceTree = BUILT_PRODUCTS_DIR; };
		C0EB820D1E21586D0095515C /* AppDelegate.swift */ = {isa = PBXFileReference; lastKnownFileType = sourcecode.swift; path = AppDelegate.swift; sourceTree = "<group>"; };
		C0EB820F1E21586D0095515C /* ViewController.swift */ = {isa = PBXFileReference; lastKnownFileType = sourcecode.swift; path = ViewController.swift; sourceTree = "<group>"; };
		C0EB82121E21586D0095515C /* Base */ = {isa = PBXFileReference; lastKnownFileType = file.storyboard; name = Base; path = Base.lproj/Main.storyboard; sourceTree = "<group>"; };
		C0EB82141E21586D0095515C /* Assets.xcassets */ = {isa = PBXFileReference; lastKnownFileType = folder.assetcatalog; path = Assets.xcassets; sourceTree = "<group>"; };
		C0EB82171E21586D0095515C /* Base */ = {isa = PBXFileReference; lastKnownFileType = file.storyboard; name = Base; path = Base.lproj/LaunchScreen.storyboard; sourceTree = "<group>"; };
		C0EB82191E21586D0095515C /* Info.plist */ = {isa = PBXFileReference; lastKnownFileType = text.plist.xml; path = Info.plist; sourceTree = "<group>"; };
		C0EB821E1E21586D0095515C /* MusicSearchTests.xctest */ = {isa = PBXFileReference; explicitFileType = wrapper.cfbundle; includeInIndex = 0; path = MusicSearchTests.xctest; sourceTree = BUILT_PRODUCTS_DIR; };
		C0EB82221E21586D0095515C /* MusicSearchTests.swift */ = {isa = PBXFileReference; lastKnownFileType = sourcecode.swift; path = MusicSearchTests.swift; sourceTree = "<group>"; };
		C0EB82241E21586D0095515C /* Info.plist */ = {isa = PBXFileReference; lastKnownFileType = text.plist.xml; path = Info.plist; sourceTree = "<group>"; };
		C0EB82291E21586D0095515C /* MusicSearchUITests.xctest */ = {isa = PBXFileReference; explicitFileType = wrapper.cfbundle; includeInIndex = 0; path = MusicSearchUITests.xctest; sourceTree = BUILT_PRODUCTS_DIR; };
		C0EB822D1E21586D0095515C /* MusicSearchUITests.swift */ = {isa = PBXFileReference; lastKnownFileType = sourcecode.swift; path = MusicSearchUITests.swift; sourceTree = "<group>"; };
		C0EB822F1E21586D0095515C /* Info.plist */ = {isa = PBXFileReference; lastKnownFileType = text.plist.xml; path = Info.plist; sourceTree = "<group>"; };
		C0EB823C1E215CEC0095515C /* Track.swift */ = {isa = PBXFileReference; fileEncoding = 4; lastKnownFileType = sourcecode.swift; path = Track.swift; sourceTree = "<group>"; };
		C0EB823E1E215EE30095515C /* Song.swift */ = {isa = PBXFileReference; fileEncoding = 4; lastKnownFileType = sourcecode.swift; path = Song.swift; sourceTree = "<group>"; };
		C0EB82401E215FEE0095515C /* MyPlayground.playground */ = {isa = PBXFileReference; lastKnownFileType = file.playground; path = MyPlayground.playground; sourceTree = "<group>"; };
/* End PBXFileReference section */

/* Begin PBXFrameworksBuildPhase section */
		C0EB82071E21586D0095515C /* Frameworks */ = {
			isa = PBXFrameworksBuildPhase;
			buildActionMask = 2147483647;
			files = (
			);
			runOnlyForDeploymentPostprocessing = 0;
		};
		C0EB821B1E21586D0095515C /* Frameworks */ = {
			isa = PBXFrameworksBuildPhase;
			buildActionMask = 2147483647;
			files = (
			);
			runOnlyForDeploymentPostprocessing = 0;
		};
		C0EB82261E21586D0095515C /* Frameworks */ = {
			isa = PBXFrameworksBuildPhase;
			buildActionMask = 2147483647;
			files = (
			);
			runOnlyForDeploymentPostprocessing = 0;
		};
/* End PBXFrameworksBuildPhase section */

/* Begin PBXGroup section */
		C098A0181E218A9A00768C28 /* LIbrary */ = {
			isa = PBXGroup;
			children = (
				C098A0191E218B3600768C28 /* MusicDataLoader.swift */,
				C098A01B1E218B4900768C28 /* MusicDataManager.swift */,
				C098A01D1E21986800768C28 /* MusicDataProcessor.swift */,
				C0C256911E22832D00C33305 /* LyricsProcessor.swift */,
			);
			name = LIbrary;
			sourceTree = "<group>";
		};
		C0C2568E1E22642200C33305 /* View */ = {
			isa = PBXGroup;
			children = (
				C0C2568F1E22643100C33305 /* TrackView.swift */,
			);
			name = View;
			sourceTree = "<group>";
		};
		C0EB82011E21586D0095515C = {
			isa = PBXGroup;
			children = (
				C0C2568E1E22642200C33305 /* View */,
				C0C2568C1E2262FF00C33305 /* LyricsViewController.swift */,
				C08DC0041E21EFCE00A01CB7 /* MusicTableViewController.swift */,
				C0EB82401E215FEE0095515C /* MyPlayground.playground */,
				C0EB820C1E21586D0095515C /* MusicSearch */,
				C0EB82211E21586D0095515C /* MusicSearchTests */,
				C0EB822C1E21586D0095515C /* MusicSearchUITests */,
				C0EB820B1E21586D0095515C /* Products */,
			);
			sourceTree = "<group>";
		};
		C0EB820B1E21586D0095515C /* Products */ = {
			isa = PBXGroup;
			children = (
				C0EB820A1E21586D0095515C /* MusicSearch.app */,
				C0EB821E1E21586D0095515C /* MusicSearchTests.xctest */,
				C0EB82291E21586D0095515C /* MusicSearchUITests.xctest */,
			);
			name = Products;
			sourceTree = "<group>";
		};
		C0EB820C1E21586D0095515C /* MusicSearch */ = {
			isa = PBXGroup;
			children = (
				C098A0181E218A9A00768C28 /* LIbrary */,
				C0EB823B1E215BAA0095515C /* Model */,
				C0EB820D1E21586D0095515C /* AppDelegate.swift */,
				C0EB820F1E21586D0095515C /* ViewController.swift */,
				C0EB82111E21586D0095515C /* Main.storyboard */,
				C0EB82141E21586D0095515C /* Assets.xcassets */,
				C0EB82161E21586D0095515C /* LaunchScreen.storyboard */,
				C0EB82191E21586D0095515C /* Info.plist */,
			);
			path = MusicSearch;
			sourceTree = "<group>";
		};
		C0EB82211E21586D0095515C /* MusicSearchTests */ = {
			isa = PBXGroup;
			children = (
				C0EB82221E21586D0095515C /* MusicSearchTests.swift */,
				C0EB82241E21586D0095515C /* Info.plist */,
			);
			path = MusicSearchTests;
			sourceTree = "<group>";
		};
		C0EB822C1E21586D0095515C /* MusicSearchUITests */ = {
			isa = PBXGroup;
			children = (
				C0EB822D1E21586D0095515C /* MusicSearchUITests.swift */,
				C0EB822F1E21586D0095515C /* Info.plist */,
			);
			path = MusicSearchUITests;
			sourceTree = "<group>";
		};
		C0EB823B1E215BAA0095515C /* Model */ = {
			isa = PBXGroup;
			children = (
				C0EB823C1E215CEC0095515C /* Track.swift */,
				C0EB823E1E215EE30095515C /* Song.swift */,
			);
			name = Model;
			sourceTree = "<group>";
		};
/* End PBXGroup section */

/* Begin PBXNativeTarget section */
		C0EB82091E21586D0095515C /* MusicSearch */ = {
			isa = PBXNativeTarget;
			buildConfigurationList = C0EB82321E21586D0095515C /* Build configuration list for PBXNativeTarget "MusicSearch" */;
			buildPhases = (
				C0EB82061E21586D0095515C /* Sources */,
				C0EB82071E21586D0095515C /* Frameworks */,
				C0EB82081E21586D0095515C /* Resources */,
			);
			buildRules = (
			);
			dependencies = (
			);
			name = MusicSearch;
			productName = MusicSearch;
			productReference = C0EB820A1E21586D0095515C /* MusicSearch.app */;
			productType = "com.apple.product-type.application";
		};
		C0EB821D1E21586D0095515C /* MusicSearchTests */ = {
			isa = PBXNativeTarget;
			buildConfigurationList = C0EB82351E21586D0095515C /* Build configuration list for PBXNativeTarget "MusicSearchTests" */;
			buildPhases = (
				C0EB821A1E21586D0095515C /* Sources */,
				C0EB821B1E21586D0095515C /* Frameworks */,
				C0EB821C1E21586D0095515C /* Resources */,
			);
			buildRules = (
			);
			dependencies = (
				C0EB82201E21586D0095515C /* PBXTargetDependency */,
			);
			name = MusicSearchTests;
			productName = MusicSearchTests;
			productReference = C0EB821E1E21586D0095515C /* MusicSearchTests.xctest */;
			productType = "com.apple.product-type.bundle.unit-test";
		};
		C0EB82281E21586D0095515C /* MusicSearchUITests */ = {
			isa = PBXNativeTarget;
			buildConfigurationList = C0EB82381E21586D0095515C /* Build configuration list for PBXNativeTarget "MusicSearchUITests" */;
			buildPhases = (
				C0EB82251E21586D0095515C /* Sources */,
				C0EB82261E21586D0095515C /* Frameworks */,
				C0EB82271E21586D0095515C /* Resources */,
			);
			buildRules = (
			);
			dependencies = (
				C0EB822B1E21586D0095515C /* PBXTargetDependency */,
			);
			name = MusicSearchUITests;
			productName = MusicSearchUITests;
			productReference = C0EB82291E21586D0095515C /* MusicSearchUITests.xctest */;
			productType = "com.apple.product-type.bundle.ui-testing";
		};
/* End PBXNativeTarget section */

/* Begin PBXProject section */
		C0EB82021E21586D0095515C /* Project object */ = {
			isa = PBXProject;
			attributes = {
				LastSwiftUpdateCheck = 0820;
				LastUpgradeCheck = 0820;
				ORGANIZATIONNAME = "Gokula K Narasimhan";
				TargetAttributes = {
					C0EB82091E21586D0095515C = {
						CreatedOnToolsVersion = 8.2.1;
						DevelopmentTeam = RTEDH52U6R;
						ProvisioningStyle = Automatic;
					};
					C0EB821D1E21586D0095515C = {
						CreatedOnToolsVersion = 8.2.1;
						ProvisioningStyle = Automatic;
						TestTargetID = C0EB82091E21586D0095515C;
					};
					C0EB82281E21586D0095515C = {
						CreatedOnToolsVersion = 8.2.1;
						ProvisioningStyle = Automatic;
						TestTargetID = C0EB82091E21586D0095515C;
					};
				};
			};
			buildConfigurationList = C0EB82051E21586D0095515C /* Build configuration list for PBXProject "MusicSearch" */;
			compatibilityVersion = "Xcode 3.2";
			developmentRegion = English;
			hasScannedForEncodings = 0;
			knownRegions = (
				en,
				Base,
			);
			mainGroup = C0EB82011E21586D0095515C;
			productRefGroup = C0EB820B1E21586D0095515C /* Products */;
			projectDirPath = "";
			projectRoot = "";
			targets = (
				C0EB82091E21586D0095515C /* MusicSearch */,
				C0EB821D1E21586D0095515C /* MusicSearchTests */,
				C0EB82281E21586D0095515C /* MusicSearchUITests */,
			);
		};
/* End PBXProject section */

/* Begin PBXResourcesBuildPhase section */
		C0EB82081E21586D0095515C /* Resources */ = {
			isa = PBXResourcesBuildPhase;
			buildActionMask = 2147483647;
			files = (
				C0EB82181E21586D0095515C /* LaunchScreen.storyboard in Resources */,
				C0EB82151E21586D0095515C /* Assets.xcassets in Resources */,
				C0EB82131E21586D0095515C /* Main.storyboard in Resources */,
			);
			runOnlyForDeploymentPostprocessing = 0;
		};
		C0EB821C1E21586D0095515C /* Resources */ = {
			isa = PBXResourcesBuildPhase;
			buildActionMask = 2147483647;
			files = (
			);
			runOnlyForDeploymentPostprocessing = 0;
		};
		C0EB82271E21586D0095515C /* Resources */ = {
			isa = PBXResourcesBuildPhase;
			buildActionMask = 2147483647;
			files = (
			);
			runOnlyForDeploymentPostprocessing = 0;
		};
/* End PBXResourcesBuildPhase section */

/* Begin PBXSourcesBuildPhase section */
		C0EB82061E21586D0095515C /* Sources */ = {
			isa = PBXSourcesBuildPhase;
			buildActionMask = 2147483647;
			files = (
				C0C2568D1E2262FF00C33305 /* LyricsViewController.swift in Sources */,
				C0EB82101E21586D0095515C /* ViewController.swift in Sources */,
				C0C256901E22643100C33305 /* TrackView.swift in Sources */,
				C08DC0051E21EFCE00A01CB7 /* MusicTableViewController.swift in Sources */,
				C0EB823F1E215EE30095515C /* Song.swift in Sources */,
				C0EB820E1E21586D0095515C /* AppDelegate.swift in Sources */,
				C098A01E1E21986800768C28 /* MusicDataProcessor.swift in Sources */,
				C098A01C1E218B4900768C28 /* MusicDataManager.swift in Sources */,
				C098A01A1E218B3600768C28 /* MusicDataLoader.swift in Sources */,
				C0C256921E22832D00C33305 /* LyricsProcessor.swift in Sources */,
				C0EB823D1E215CEC0095515C /* Track.swift in Sources */,
			);
			runOnlyForDeploymentPostprocessing = 0;
		};
		C0EB821A1E21586D0095515C /* Sources */ = {
			isa = PBXSourcesBuildPhase;
			buildActionMask = 2147483647;
			files = (
				C0EB82231E21586D0095515C /* MusicSearchTests.swift in Sources */,
			);
			runOnlyForDeploymentPostprocessing = 0;
		};
		C0EB82251E21586D0095515C /* Sources */ = {
			isa = PBXSourcesBuildPhase;
			buildActionMask = 2147483647;
			files = (
				C0EB822E1E21586D0095515C /* MusicSearchUITests.swift in Sources */,
			);
			runOnlyForDeploymentPostprocessing = 0;
		};
/* End PBXSourcesBuildPhase section */

/* Begin PBXTargetDependency section */
		C0EB82201E21586D0095515C /* PBXTargetDependency */ = {
			isa = PBXTargetDependency;
			target = C0EB82091E21586D0095515C /* MusicSearch */;
			targetProxy = C0EB821F1E21586D0095515C /* PBXContainerItemProxy */;
		};
		C0EB822B1E21586D0095515C /* PBXTargetDependency */ = {
			isa = PBXTargetDependency;
			target = C0EB82091E21586D0095515C /* MusicSearch */;
			targetProxy = C0EB822A1E21586D0095515C /* PBXContainerItemProxy */;
		};
/* End PBXTargetDependency section */

/* Begin PBXVariantGroup section */
		C0EB82111E21586D0095515C /* Main.storyboard */ = {
			isa = PBXVariantGroup;
			children = (
				C0EB82121E21586D0095515C /* Base */,
			);
			name = Main.storyboard;
			sourceTree = "<group>";
		};
		C0EB82161E21586D0095515C /* LaunchScreen.storyboard */ = {
			isa = PBXVariantGroup;
			children = (
				C0EB82171E21586D0095515C /* Base */,
			);
			name = LaunchScreen.storyboard;
			sourceTree = "<group>";
		};
/* End PBXVariantGroup section */

/* Begin XCBuildConfiguration section */
		C0EB82301E21586D0095515C /* Debug */ = {
			isa = XCBuildConfiguration;
			buildSettings = {
				ALWAYS_SEARCH_USER_PATHS = NO;
				CLANG_ANALYZER_NONNULL = YES;
				CLANG_CXX_LANGUAGE_STANDARD = "gnu++0x";
				CLANG_CXX_LIBRARY = "libc++";
				CLANG_ENABLE_MODULES = YES;
				CLANG_ENABLE_OBJC_ARC = YES;
				CLANG_WARN_BOOL_CONVERSION = YES;
				CLANG_WARN_CONSTANT_CONVERSION = YES;
				CLANG_WARN_DIRECT_OBJC_ISA_USAGE = YES_ERROR;
				CLANG_WARN_DOCUMENTATION_COMMENTS = YES;
				CLANG_WARN_EMPTY_BODY = YES;
				CLANG_WARN_ENUM_CONVERSION = YES;
				CLANG_WARN_INFINITE_RECURSION = YES;
				CLANG_WARN_INT_CONVERSION = YES;
				CLANG_WARN_OBJC_ROOT_CLASS = YES_ERROR;
				CLANG_WARN_SUSPICIOUS_MOVE = YES;
				CLANG_WARN_UNREACHABLE_CODE = YES;
				CLANG_WARN__DUPLICATE_METHOD_MATCH = YES;
				"CODE_SIGN_IDENTITY[sdk=iphoneos*]" = "iPhone Developer";
				COPY_PHASE_STRIP = NO;
				DEBUG_INFORMATION_FORMAT = dwarf;
				ENABLE_STRICT_OBJC_MSGSEND = YES;
				ENABLE_TESTABILITY = YES;
				GCC_C_LANGUAGE_STANDARD = gnu99;
				GCC_DYNAMIC_NO_PIC = NO;
				GCC_NO_COMMON_BLOCKS = YES;
				GCC_OPTIMIZATION_LEVEL = 0;
				GCC_PREPROCESSOR_DEFINITIONS = (
					"DEBUG=1",
					"$(inherited)",
				);
				GCC_WARN_64_TO_32_BIT_CONVERSION = YES;
				GCC_WARN_ABOUT_RETURN_TYPE = YES_ERROR;
				GCC_WARN_UNDECLARED_SELECTOR = YES;
				GCC_WARN_UNINITIALIZED_AUTOS = YES_AGGRESSIVE;
				GCC_WARN_UNUSED_FUNCTION = YES;
				GCC_WARN_UNUSED_VARIABLE = YES;
				IPHONEOS_DEPLOYMENT_TARGET = 10.2;
				MTL_ENABLE_DEBUG_INFO = YES;
				ONLY_ACTIVE_ARCH = YES;
				SDKROOT = iphoneos;
				SWIFT_ACTIVE_COMPILATION_CONDITIONS = DEBUG;
				SWIFT_OPTIMIZATION_LEVEL = "-Onone";
				TARGETED_DEVICE_FAMILY = "1,2";
			};
			name = Debug;
		};
		C0EB82311E21586D0095515C /* Release */ = {
			isa = XCBuildConfiguration;
			buildSettings = {
				ALWAYS_SEARCH_USER_PATHS = NO;
				CLANG_ANALYZER_NONNULL = YES;
				CLANG_CXX_LANGUAGE_STANDARD = "gnu++0x";
				CLANG_CXX_LIBRARY = "libc++";
				CLANG_ENABLE_MODULES = YES;
				CLANG_ENABLE_OBJC_ARC = YES;
				CLANG_WARN_BOOL_CONVERSION = YES;
				CLANG_WARN_CONSTANT_CONVERSION = YES;
				CLANG_WARN_DIRECT_OBJC_ISA_USAGE = YES_ERROR;
				CLANG_WARN_DOCUMENTATION_COMMENTS = YES;
				CLANG_WARN_EMPTY_BODY = YES;
				CLANG_WARN_ENUM_CONVERSION = YES;
				CLANG_WARN_INFINITE_RECURSION = YES;
				CLANG_WARN_INT_CONVERSION = YES;
				CLANG_WARN_OBJC_ROOT_CLASS = YES_ERROR;
				CLANG_WARN_SUSPICIOUS_MOVE = YES;
				CLANG_WARN_UNREACHABLE_CODE = YES;
				CLANG_WARN__DUPLICATE_METHOD_MATCH = YES;
				"CODE_SIGN_IDENTITY[sdk=iphoneos*]" = "iPhone Developer";
				COPY_PHASE_STRIP = NO;
				DEBUG_INFORMATION_FORMAT = "dwarf-with-dsym";
				ENABLE_NS_ASSERTIONS = NO;
				ENABLE_STRICT_OBJC_MSGSEND = YES;
				GCC_C_LANGUAGE_STANDARD = gnu99;
				GCC_NO_COMMON_BLOCKS = YES;
				GCC_WARN_64_TO_32_BIT_CONVERSION = YES;
				GCC_WARN_ABOUT_RETURN_TYPE = YES_ERROR;
				GCC_WARN_UNDECLARED_SELECTOR = YES;
				GCC_WARN_UNINITIALIZED_AUTOS = YES_AGGRESSIVE;
				GCC_WARN_UNUSED_FUNCTION = YES;
				GCC_WARN_UNUSED_VARIABLE = YES;
				IPHONEOS_DEPLOYMENT_TARGET = 10.2;
				MTL_ENABLE_DEBUG_INFO = NO;
				SDKROOT = iphoneos;
				SWIFT_OPTIMIZATION_LEVEL = "-Owholemodule";
				TARGETED_DEVICE_FAMILY = "1,2";
				VALIDATE_PRODUCT = YES;
			};
			name = Release;
		};
		C0EB82331E21586D0095515C /* Debug */ = {
			isa = XCBuildConfiguration;
			buildSettings = {
				ASSETCATALOG_COMPILER_APPICON_NAME = AppIcon;
				DEVELOPMENT_TEAM = RTEDH52U6R;
				INFOPLIST_FILE = MusicSearch/Info.plist;
				LD_RUNPATH_SEARCH_PATHS = "$(inherited) @executable_path/Frameworks";
				PRODUCT_BUNDLE_IDENTIFIER = CodeTest.MusicSearch;
				PRODUCT_NAME = "$(TARGET_NAME)";
				SWIFT_VERSION = 3.0;
			};
			name = Debug;
		};
		C0EB82341E21586D0095515C /* Release */ = {
			isa = XCBuildConfiguration;
			buildSettings = {
				ASSETCATALOG_COMPILER_APPICON_NAME = AppIcon;
				DEVELOPMENT_TEAM = RTEDH52U6R;
				INFOPLIST_FILE = MusicSearch/Info.plist;
				LD_RUNPATH_SEARCH_PATHS = "$(inherited) @executable_path/Frameworks";
				PRODUCT_BUNDLE_IDENTIFIER = CodeTest.MusicSearch;
				PRODUCT_NAME = "$(TARGET_NAME)";
				SWIFT_VERSION = 3.0;
			};
			name = Release;
		};
		C0EB82361E21586D0095515C /* Debug */ = {
			isa = XCBuildConfiguration;
			buildSettings = {
				ALWAYS_EMBED_SWIFT_STANDARD_LIBRARIES = YES;
				BUNDLE_LOADER = "$(TEST_HOST)";
				INFOPLIST_FILE = MusicSearchTests/Info.plist;
				LD_RUNPATH_SEARCH_PATHS = "$(inherited) @executable_path/Frameworks @loader_path/Frameworks";
				PRODUCT_BUNDLE_IDENTIFIER = CodeTest.MusicSearchTests;
				PRODUCT_NAME = "$(TARGET_NAME)";
				SWIFT_VERSION = 3.0;
				TEST_HOST = "$(BUILT_PRODUCTS_DIR)/MusicSearch.app/MusicSearch";
			};
			name = Debug;
		};
		C0EB82371E21586D0095515C /* Release */ = {
			isa = XCBuildConfiguration;
			buildSettings = {
				ALWAYS_EMBED_SWIFT_STANDARD_LIBRARIES = YES;
				BUNDLE_LOADER = "$(TEST_HOST)";
				INFOPLIST_FILE = MusicSearchTests/Info.plist;
				LD_RUNPATH_SEARCH_PATHS = "$(inherited) @executable_path/Frameworks @loader_path/Frameworks";
				PRODUCT_BUNDLE_IDENTIFIER = CodeTest.MusicSearchTests;
				PRODUCT_NAME = "$(TARGET_NAME)";
				SWIFT_VERSION = 3.0;
				TEST_HOST = "$(BUILT_PRODUCTS_DIR)/MusicSearch.app/MusicSearch";
			};
			name = Release;
		};
		C0EB82391E21586D0095515C /* Debug */ = {
			isa = XCBuildConfiguration;
			buildSettings = {
				ALWAYS_EMBED_SWIFT_STANDARD_LIBRARIES = YES;
				INFOPLIST_FILE = MusicSearchUITests/Info.plist;
				LD_RUNPATH_SEARCH_PATHS = "$(inherited) @executable_path/Frameworks @loader_path/Frameworks";
				PRODUCT_BUNDLE_IDENTIFIER = CodeTest.MusicSearchUITests;
				PRODUCT_NAME = "$(TARGET_NAME)";
				SWIFT_VERSION = 3.0;
				TEST_TARGET_NAME = MusicSearch;
			};
			name = Debug;
		};
		C0EB823A1E21586D0095515C /* Release */ = {
			isa = XCBuildConfiguration;
			buildSettings = {
				ALWAYS_EMBED_SWIFT_STANDARD_LIBRARIES = YES;
				INFOPLIST_FILE = MusicSearchUITests/Info.plist;
				LD_RUNPATH_SEARCH_PATHS = "$(inherited) @executable_path/Frameworks @loader_path/Frameworks";
				PRODUCT_BUNDLE_IDENTIFIER = CodeTest.MusicSearchUITests;
				PRODUCT_NAME = "$(TARGET_NAME)";
				SWIFT_VERSION = 3.0;
				TEST_TARGET_NAME = MusicSearch;
			};
			name = Release;
		};
/* End XCBuildConfiguration section */

/* Begin XCConfigurationList section */
		C0EB82051E21586D0095515C /* Build configuration list for PBXProject "MusicSearch" */ = {
			isa = XCConfigurationList;
			buildConfigurations = (
				C0EB82301E21586D0095515C /* Debug */,
				C0EB82311E21586D0095515C /* Release */,
			);
			defaultConfigurationIsVisible = 0;
			defaultConfigurationName = Release;
		};
		C0EB82321E21586D0095515C /* Build configuration list for PBXNativeTarget "MusicSearch" */ = {
			isa = XCConfigurationList;
			buildConfigurations = (
				C0EB82331E21586D0095515C /* Debug */,
				C0EB82341E21586D0095515C /* Release */,
			);
			defaultConfigurationIsVisible = 0;
			defaultConfigurationName = Release;
		};
		C0EB82351E21586D0095515C /* Build configuration list for PBXNativeTarget "MusicSearchTests" */ = {
			isa = XCConfigurationList;
			buildConfigurations = (
				C0EB82361E21586D0095515C /* Debug */,
				C0EB82371E21586D0095515C /* Release */,
			);
			defaultConfigurationIsVisible = 0;
			defaultConfigurationName = Release;
		};
		C0EB82381E21586D0095515C /* Build configuration list for PBXNativeTarget "MusicSearchUITests" */ = {
			isa = XCConfigurationList;
			buildConfigurations = (
				C0EB82391E21586D0095515C /* Debug */,
				C0EB823A1E21586D0095515C /* Release */,
			);
			defaultConfigurationIsVisible = 0;
			defaultConfigurationName = Release;
		};
/* End XCConfigurationList section */
	};
	rootObject = C0EB82021E21586D0095515C /* Project object */;
}
